
Microsoft Visual Studio Solution File, Format Version 11.00
# Visual Studio 2010
Project("{FAE04EC0-301F-11D3-BF4B-00C04F79EFBC}") = "Assembly-CSharp", "Assembly-CSharp.csproj", "{CE2DD940-FF4B-1D04-41A5-B4A361A41A51}"
EndProject
Global
	GlobalSection(SolutionConfigurationPlatforms) = preSolution
		Debug|Any CPU = Debug|Any CPU
		Release|Any CPU = Release|Any CPU
	EndGlobalSection
	GlobalSection(ProjectConfigurationPlatforms) = postSolution
		{CE2DD940-FF4B-1D04-41A5-B4A361A41A51}.Debug|Any CPU.ActiveCfg = Debug|Any CPU
		{CE2DD940-FF4B-1D04-41A5-B4A361A41A51}.Debug|Any CPU.Build.0 = Debug|Any CPU
		{CE2DD940-FF4B-1D04-41A5-B4A361A41A51}.Release|Any CPU.ActiveCfg = Release|Any CPU
		{CE2DD940-FF4B-1D04-41A5-B4A361A41A51}.Release|Any CPU.Build.0 = Release|Any CPU
	EndGlobalSection
	GlobalSection(SolutionProperties) = preSolution
		HideSolutionNode = FALSE
	EndGlobalSection
EndGlobal
